
Microsoft Visual Studio Solution File, Format Version 12.00
# Visual Studio Version 17
VisualStudioVersion = 17.0.32112.339
MinimumVisualStudioVersion = 10.0.40219.1
Project("{FAE04EC0-301F-11D3-BF4B-00C04F79EFBC}") = "StateManage", "StateManage\StateManage.csproj", "{9C15DF3C-D36B-4B1B-B7DC-D7D258130047}"
EndProject
Global
	GlobalSection(SolutionConfigurationPlatforms) = preSolution
		Debug|Any CPU = Debug|Any CPU
		Release|Any CPU = Release|Any CPU
	EndGlobalSection
	GlobalSection(ProjectConfigurationPlatforms) = postSolution
		{9C15DF3C-D36B-4B1B-B7DC-D7D258130047}.Debug|Any CPU.ActiveCfg = Debug|Any CPU
		{9C15DF3C-D36B-4B1B-B7DC-D7D258130047}.Debug|Any CPU.Build.0 = Debug|Any CPU
		{9C15DF3C-D36B-4B1B-B7DC-D7D258130047}.Release|Any CPU.ActiveCfg = Release|Any CPU
		{9C15DF3C-D36B-4B1B-B7DC-D7D258130047}.Release|Any CPU.Build.0 = Release|Any CPU
	EndGlobalSection
	GlobalSection(SolutionProperties) = preSolution
		HideSolutionNode = FALSE
	EndGlobalSection
	GlobalSection(ExtensibilityGlobals) = postSolution
		SolutionGuid = {3D5A9CAE-F1BF-49D4-8AFA-304880B4236E}
	EndGlobalSection
EndGlobal
