
Microsoft Visual Studio Solution File, Format Version 12.00
# Visual Studio Version 17
VisualStudioVersion = 17.0.32112.339
MinimumVisualStudioVersion = 10.0.40219.1
Project("{FAE04EC0-301F-11D3-BF4B-00C04F79EFBC}") = "BackEnd", "BackEnd\BackEnd.csproj", "{C8DAC5B9-1011-43EC-B432-8D005BF6DB25}"
EndProject
Project("{FAE04EC0-301F-11D3-BF4B-00C04F79EFBC}") = "FrontEnd", "FrontEnd\FrontEnd.csproj", "{2DCC88E7-10CD-4A65-9571-276B81FC688E}"
EndProject
Global
	GlobalSection(SolutionConfigurationPlatforms) = preSolution
		Debug|Any CPU = Debug|Any CPU
		Release|Any CPU = Release|Any CPU
	EndGlobalSection
	GlobalSection(ProjectConfigurationPlatforms) = postSolution
		{C8DAC5B9-1011-43EC-B432-8D005BF6DB25}.Debug|Any CPU.ActiveCfg = Debug|Any CPU
		{C8DAC5B9-1011-43EC-B432-8D005BF6DB25}.Debug|Any CPU.Build.0 = Debug|Any CPU
		{C8DAC5B9-1011-43EC-B432-8D005BF6DB25}.Release|Any CPU.ActiveCfg = Release|Any CPU
		{C8DAC5B9-1011-43EC-B432-8D005BF6DB25}.Release|Any CPU.Build.0 = Release|Any CPU
		{2DCC88E7-10CD-4A65-9571-276B81FC688E}.Debug|Any CPU.ActiveCfg = Debug|Any CPU
		{2DCC88E7-10CD-4A65-9571-276B81FC688E}.Debug|Any CPU.Build.0 = Debug|Any CPU
		{2DCC88E7-10CD-4A65-9571-276B81FC688E}.Release|Any CPU.ActiveCfg = Release|Any CPU
		{2DCC88E7-10CD-4A65-9571-276B81FC688E}.Release|Any CPU.Build.0 = Release|Any CPU
	EndGlobalSection
	GlobalSection(SolutionProperties) = preSolution
		HideSolutionNode = FALSE
	EndGlobalSection
	GlobalSection(ExtensibilityGlobals) = postSolution
		SolutionGuid = {9352D0E6-C392-4ADE-A8E1-B8EF92A23D3E}
	EndGlobalSection
EndGlobal
